// !$*UTF8*$!
{
	archiveVersion = 1;
	classes = {
	};
	objectVersion = 46;
	objects = {

/* Begin PBXBuildFile section */
		0E2971E51C7FCFAC00FDD60F /* PlayingCardDeck.m in Sources */ = {isa = PBXBuildFile; fileRef = 0E2971E41C7FCFAC00FDD60F /* PlayingCardDeck.m */; };
		0E881E0D1C7D348A00CC30CF /* main.m in Sources */ = {isa = PBXBuildFile; fileRef = 0E881E0C1C7D348A00CC30CF /* main.m */; };
		0E881E101C7D348A00CC30CF /* CardGameAppDelegate.m in Sources */ = {isa = PBXBuildFile; fileRef = 0E881E0F1C7D348A00CC30CF /* CardGameAppDelegate.m */; };
		0E881E131C7D348A00CC30CF /* CardGameViewController.m in Sources */ = {isa = PBXBuildFile; fileRef = 0E881E121C7D348A00CC30CF /* CardGameViewController.m */; };
		0E881E161C7D348A00CC30CF /* Main.storyboard in Resources */ = {isa = PBXBuildFile; fileRef = 0E881E141C7D348A00CC30CF /* Main.storyboard */; };
		0E881E191C7D348A00CC30CF /* Matchismo.xcdatamodeld in Sources */ = {isa = PBXBuildFile; fileRef = 0E881E171C7D348A00CC30CF /* Matchismo.xcdatamodeld */; };
		0E881E1B1C7D348A00CC30CF /* Assets.xcassets in Resources */ = {isa = PBXBuildFile; fileRef = 0E881E1A1C7D348A00CC30CF /* Assets.xcassets */; };
		0E881E1E1C7D348A00CC30CF /* LaunchScreen.storyboard in Resources */ = {isa = PBXBuildFile; fileRef = 0E881E1C1C7D348A00CC30CF /* LaunchScreen.storyboard */; };
		0E881E291C7D348A00CC30CF /* MatchismoTests.m in Sources */ = {isa = PBXBuildFile; fileRef = 0E881E281C7D348A00CC30CF /* MatchismoTests.m */; };
		0E881E341C7D348A00CC30CF /* MatchismoUITests.m in Sources */ = {isa = PBXBuildFile; fileRef = 0E881E331C7D348A00CC30CF /* MatchismoUITests.m */; };
		0E881E451C7D382200CC30CF /* Card.m in Sources */ = {isa = PBXBuildFile; fileRef = 0E881E441C7D382200CC30CF /* Card.m */; };
		0E881E4A1C7D45A600CC30CF /* Deck.m in Sources */ = {isa = PBXBuildFile; fileRef = 0E881E491C7D45A600CC30CF /* Deck.m */; };
		0EA69C741C7E12C7009D5887 /* PlayingCard.m in Sources */ = {isa = PBXBuildFile; fileRef = 0EA69C731C7E12C7009D5887 /* PlayingCard.m */; };
/* End PBXBuildFile section */

/* Begin PBXContainerItemProxy section */
		0E881E251C7D348A00CC30CF /* PBXContainerItemProxy */ = {
			isa = PBXContainerItemProxy;
			containerPortal = 0E881E001C7D348A00CC30CF /* Project object */;
			proxyType = 1;
			remoteGlobalIDString = 0E881E071C7D348A00CC30CF;
			remoteInfo = Matchismo;
		};
		0E881E301C7D348A00CC30CF /* PBXContainerItemProxy */ = {
			isa = PBXContainerItemProxy;
			containerPortal = 0E881E001C7D348A00CC30CF /* Project object */;
			proxyType = 1;
			remoteGlobalIDString = 0E881E071C7D348A00CC30CF;
			remoteInfo = Matchismo;
		};
/* End PBXContainerItemProxy section */

/* Begin PBXFileReference section */
		0E2971E31C7FCFAC00FDD60F /* PlayingCardDeck.h */ = {isa = PBXFileReference; fileEncoding = 4; lastKnownFileType = sourcecode.c.h; name = PlayingCardDeck.h; path = Matchismo/Model/PlayingCardDeck.h; sourceTree = "<group>"; };
		0E2971E41C7FCFAC00FDD60F /* PlayingCardDeck.m */ = {isa = PBXFileReference; fileEncoding = 4; lastKnownFileType = sourcecode.c.objc; name = PlayingCardDeck.m; path = Matchismo/Model/PlayingCardDeck.m; sourceTree = "<group>"; };
		0E881E081C7D348A00CC30CF /* Matchismo.app */ = {isa = PBXFileReference; explicitFileType = wrapper.application; includeInIndex = 0; path = Matchismo.app; sourceTree = BUILT_PRODUCTS_DIR; };
		0E881E0C1C7D348A00CC30CF /* main.m */ = {isa = PBXFileReference; lastKnownFileType = sourcecode.c.objc; path = main.m; sourceTree = "<group>"; };
		0E881E0E1C7D348A00CC30CF /* CardGameAppDelegate.h */ = {isa = PBXFileReference; lastKnownFileType = sourcecode.c.h; path = CardGameAppDelegate.h; sourceTree = "<group>"; };
		0E881E0F1C7D348A00CC30CF /* CardGameAppDelegate.m */ = {isa = PBXFileReference; lastKnownFileType = sourcecode.c.objc; path = CardGameAppDelegate.m; sourceTree = "<group>"; };
		0E881E111C7D348A00CC30CF /* CardGameViewController.h */ = {isa = PBXFileReference; lastKnownFileType = sourcecode.c.h; path = CardGameViewController.h; sourceTree = "<group>"; };
		0E881E121C7D348A00CC30CF /* CardGameViewController.m */ = {isa = PBXFileReference; lastKnownFileType = sourcecode.c.objc; path = CardGameViewController.m; sourceTree = "<group>"; };
		0E881E151C7D348A00CC30CF /* Base */ = {isa = PBXFileReference; lastKnownFileType = file.storyboard; name = Base; path = Base.lproj/Main.storyboard; sourceTree = "<group>"; };
		0E881E181C7D348A00CC30CF /* Matchismo.xcdatamodel */ = {isa = PBXFileReference; lastKnownFileType = wrapper.xcdatamodel; path = Matchismo.xcdatamodel; sourceTree = "<group>"; };
		0E881E1A1C7D348A00CC30CF /* Assets.xcassets */ = {isa = PBXFileReference; lastKnownFileType = folder.assetcatalog; path = Assets.xcassets; sourceTree = "<group>"; };
		0E881E1D1C7D348A00CC30CF /* Base */ = {isa = PBXFileReference; lastKnownFileType = file.storyboard; name = Base; path = Base.lproj/LaunchScreen.storyboard; sourceTree = "<group>"; };
		0E881E1F1C7D348A00CC30CF /* Info.plist */ = {isa = PBXFileReference; lastKnownFileType = text.plist.xml; path = Info.plist; sourceTree = "<group>"; };
		0E881E241C7D348A00CC30CF /* MatchismoTests.xctest */ = {isa = PBXFileReference; explicitFileType = wrapper.cfbundle; includeInIndex = 0; path = MatchismoTests.xctest; sourceTree = BUILT_PRODUCTS_DIR; };
		0E881E281C7D348A00CC30CF /* MatchismoTests.m */ = {isa = PBXFileReference; lastKnownFileType = sourcecode.c.objc; path = MatchismoTests.m; sourceTree = "<group>"; };
		0E881E2A1C7D348A00CC30CF /* Info.plist */ = {isa = PBXFileReference; lastKnownFileType = text.plist.xml; path = Info.plist; sourceTree = "<group>"; };
		0E881E2F1C7D348A00CC30CF /* MatchismoUITests.xctest */ = {isa = PBXFileReference; explicitFileType = wrapper.cfbundle; includeInIndex = 0; path = MatchismoUITests.xctest; sourceTree = BUILT_PRODUCTS_DIR; };
		0E881E331C7D348A00CC30CF /* MatchismoUITests.m */ = {isa = PBXFileReference; lastKnownFileType = sourcecode.c.objc; path = MatchismoUITests.m; sourceTree = "<group>"; };
		0E881E351C7D348A00CC30CF /* Info.plist */ = {isa = PBXFileReference; lastKnownFileType = text.plist.xml; path = Info.plist; sourceTree = "<group>"; };
		0E881E431C7D382200CC30CF /* Card.h */ = {isa = PBXFileReference; fileEncoding = 4; lastKnownFileType = sourcecode.c.h; name = Card.h; path = Matchismo/Model/Card.h; sourceTree = "<group>"; };
		0E881E441C7D382200CC30CF /* Card.m */ = {isa = PBXFileReference; fileEncoding = 4; lastKnownFileType = sourcecode.c.objc; name = Card.m; path = Matchismo/Model/Card.m; sourceTree = "<group>"; };
		0E881E481C7D45A600CC30CF /* Deck.h */ = {isa = PBXFileReference; fileEncoding = 4; lastKnownFileType = sourcecode.c.h; name = Deck.h; path = Matchismo/Model/Deck.h; sourceTree = "<group>"; };
		0E881E491C7D45A600CC30CF /* Deck.m */ = {isa = PBXFileReference; fileEncoding = 4; lastKnownFileType = sourcecode.c.objc; name = Deck.m; path = Matchismo/Model/Deck.m; sourceTree = "<group>"; };
		0EA69C721C7E12C7009D5887 /* PlayingCard.h */ = {isa = PBXFileReference; fileEncoding = 4; lastKnownFileType = sourcecode.c.h; name = PlayingCard.h; path = Matchismo/Model/PlayingCard.h; sourceTree = "<group>"; };
		0EA69C731C7E12C7009D5887 /* PlayingCard.m */ = {isa = PBXFileReference; fileEncoding = 4; lastKnownFileType = sourcecode.c.objc; name = PlayingCard.m; path = Matchismo/Model/PlayingCard.m; sourceTree = "<group>"; };
/* End PBXFileReference section */

/* Begin PBXFrameworksBuildPhase section */
		0E881E051C7D348A00CC30CF /* Frameworks */ = {
			isa = PBXFrameworksBuildPhase;
			buildActionMask = 2147483647;
			files = (
			);
			runOnlyForDeploymentPostprocessing = 0;
		};
		0E881E211C7D348A00CC30CF /* Frameworks */ = {
			isa = PBXFrameworksBuildPhase;
			buildActionMask = 2147483647;
			files = (
			);
			runOnlyForDeploymentPostprocessing = 0;
		};
		0E881E2C1C7D348A00CC30CF /* Frameworks */ = {
			isa = PBXFrameworksBuildPhase;
			buildActionMask = 2147483647;
			files = (
			);
			runOnlyForDeploymentPostprocessing = 0;
		};
/* End PBXFrameworksBuildPhase section */

/* Begin PBXGroup section */
		0E881DFF1C7D348A00CC30CF = {
			isa = PBXGroup;
			children = (
				0E881E0A1C7D348A00CC30CF /* Matchismo */,
				0E881E271C7D348A00CC30CF /* MatchismoTests */,
				0E881E321C7D348A00CC30CF /* MatchismoUITests */,
				0E881E091C7D348A00CC30CF /* Products */,
			);
			sourceTree = "<group>";
		};
		0E881E091C7D348A00CC30CF /* Products */ = {
			isa = PBXGroup;
			children = (
				0E881E081C7D348A00CC30CF /* Matchismo.app */,
				0E881E241C7D348A00CC30CF /* MatchismoTests.xctest */,
				0E881E2F1C7D348A00CC30CF /* MatchismoUITests.xctest */,
			);
			name = Products;
			sourceTree = "<group>";
		};
		0E881E0A1C7D348A00CC30CF /* Matchismo */ = {
			isa = PBXGroup;
			children = (
				0E881E471C7D385600CC30CF /* Model */,
				0E881E111C7D348A00CC30CF /* CardGameViewController.h */,
				0E881E121C7D348A00CC30CF /* CardGameViewController.m */,
				0E881E141C7D348A00CC30CF /* Main.storyboard */,
				0E881E1A1C7D348A00CC30CF /* Assets.xcassets */,
				0E881E1C1C7D348A00CC30CF /* LaunchScreen.storyboard */,
				0E881E1F1C7D348A00CC30CF /* Info.plist */,
				0E881E171C7D348A00CC30CF /* Matchismo.xcdatamodeld */,
				0E881E0B1C7D348A00CC30CF /* Supporting Files */,
			);
			path = Matchismo;
			sourceTree = "<group>";
		};
		0E881E0B1C7D348A00CC30CF /* Supporting Files */ = {
			isa = PBXGroup;
			children = (
				0E881E0E1C7D348A00CC30CF /* CardGameAppDelegate.h */,
				0E881E0F1C7D348A00CC30CF /* CardGameAppDelegate.m */,
				0E881E0C1C7D348A00CC30CF /* main.m */,
			);
			name = "Supporting Files";
			sourceTree = "<group>";
		};
		0E881E271C7D348A00CC30CF /* MatchismoTests */ = {
			isa = PBXGroup;
			children = (
				0E881E281C7D348A00CC30CF /* MatchismoTests.m */,
				0E881E2A1C7D348A00CC30CF /* Info.plist */,
			);
			path = MatchismoTests;
			sourceTree = "<group>";
		};
		0E881E321C7D348A00CC30CF /* MatchismoUITests */ = {
			isa = PBXGroup;
			children = (
				0E881E331C7D348A00CC30CF /* MatchismoUITests.m */,
				0E881E351C7D348A00CC30CF /* Info.plist */,
			);
			path = MatchismoUITests;
			sourceTree = "<group>";
		};
		0E881E471C7D385600CC30CF /* Model */ = {
			isa = PBXGroup;
			children = (
				0E881E431C7D382200CC30CF /* Card.h */,
				0E881E441C7D382200CC30CF /* Card.m */,
				0E881E481C7D45A600CC30CF /* Deck.h */,
				0E881E491C7D45A600CC30CF /* Deck.m */,
				0EA69C721C7E12C7009D5887 /* PlayingCard.h */,
				0EA69C731C7E12C7009D5887 /* PlayingCard.m */,
				0E2971E31C7FCFAC00FDD60F /* PlayingCardDeck.h */,
				0E2971E41C7FCFAC00FDD60F /* PlayingCardDeck.m */,
			);
			name = Model;
			path = ..;
			sourceTree = "<group>";
		};
/* End PBXGroup section */

/* Begin PBXNativeTarget section */
		0E881E071C7D348A00CC30CF /* Matchismo */ = {
			isa = PBXNativeTarget;
			buildConfigurationList = 0E881E381C7D348A00CC30CF /* Build configuration list for PBXNativeTarget "Matchismo" */;
			buildPhases = (
				0E881E041C7D348A00CC30CF /* Sources */,
				0E881E051C7D348A00CC30CF /* Frameworks */,
				0E881E061C7D348A00CC30CF /* Resources */,
			);
			buildRules = (
			);
			dependencies = (
			);
			name = Matchismo;
			productName = Matchismo;
			productReference = 0E881E081C7D348A00CC30CF /* Matchismo.app */;
			productType = "com.apple.product-type.application";
		};
		0E881E231C7D348A00CC30CF /* MatchismoTests */ = {
			isa = PBXNativeTarget;
			buildConfigurationList = 0E881E3B1C7D348A00CC30CF /* Build configuration list for PBXNativeTarget "MatchismoTests" */;
			buildPhases = (
				0E881E201C7D348A00CC30CF /* Sources */,
				0E881E211C7D348A00CC30CF /* Frameworks */,
				0E881E221C7D348A00CC30CF /* Resources */,
			);
			buildRules = (
			);
			dependencies = (
				0E881E261C7D348A00CC30CF /* PBXTargetDependency */,
			);
			name = MatchismoTests;
			productName = MatchismoTests;
			productReference = 0E881E241C7D348A00CC30CF /* MatchismoTests.xctest */;
			productType = "com.apple.product-type.bundle.unit-test";
		};
		0E881E2E1C7D348A00CC30CF /* MatchismoUITests */ = {
			isa = PBXNativeTarget;
			buildConfigurationList = 0E881E3E1C7D348A00CC30CF /* Build configuration list for PBXNativeTarget "MatchismoUITests" */;
			buildPhases = (
				0E881E2B1C7D348A00CC30CF /* Sources */,
				0E881E2C1C7D348A00CC30CF /* Frameworks */,
				0E881E2D1C7D348A00CC30CF /* Resources */,
			);
			buildRules = (
			);
			dependencies = (
				0E881E311C7D348A00CC30CF /* PBXTargetDependency */,
			);
			name = MatchismoUITests;
			productName = MatchismoUITests;
			productReference = 0E881E2F1C7D348A00CC30CF /* MatchismoUITests.xctest */;
			productType = "com.apple.product-type.bundle.ui-testing";
		};
/* End PBXNativeTarget section */

/* Begin PBXProject section */
		0E881E001C7D348A00CC30CF /* Project object */ = {
			isa = PBXProject;
			attributes = {
				LastUpgradeCheck = 0720;
				ORGANIZATIONNAME = rafaeltakiyama;
				TargetAttributes = {
					0E881E071C7D348A00CC30CF = {
						CreatedOnToolsVersion = 7.2;
					};
					0E881E231C7D348A00CC30CF = {
						CreatedOnToolsVersion = 7.2;
						TestTargetID = 0E881E071C7D348A00CC30CF;
					};
					0E881E2E1C7D348A00CC30CF = {
						CreatedOnToolsVersion = 7.2;
						TestTargetID = 0E881E071C7D348A00CC30CF;
					};
				};
			};
			buildConfigurationList = 0E881E031C7D348A00CC30CF /* Build configuration list for PBXProject "Matchismo" */;
			compatibilityVersion = "Xcode 3.2";
			developmentRegion = English;
			hasScannedForEncodings = 0;
			knownRegions = (
				en,
				Base,
			);
			mainGroup = 0E881DFF1C7D348A00CC30CF;
			productRefGroup = 0E881E091C7D348A00CC30CF /* Products */;
			projectDirPath = "";
			projectRoot = "";
			targets = (
				0E881E071C7D348A00CC30CF /* Matchismo */,
				0E881E231C7D348A00CC30CF /* MatchismoTests */,
				0E881E2E1C7D348A00CC30CF /* MatchismoUITests */,
			);
		};
/* End PBXProject section */

/* Begin PBXResourcesBuildPhase section */
		0E881E061C7D348A00CC30CF /* Resources */ = {
			isa = PBXResourcesBuildPhase;
			buildActionMask = 2147483647;
			files = (
				0E881E1E1C7D348A00CC30CF /* LaunchScreen.storyboard in Resources */,
				0E881E1B1C7D348A00CC30CF /* Assets.xcassets in Resources */,
				0E881E161C7D348A00CC30CF /* Main.storyboard in Resources */,
			);
			runOnlyForDeploymentPostprocessing = 0;
		};
		0E881E221C7D348A00CC30CF /* Resources */ = {
			isa = PBXResourcesBuildPhase;
			buildActionMask = 2147483647;
			files = (
			);
			runOnlyForDeploymentPostprocessing = 0;
		};
		0E881E2D1C7D348A00CC30CF /* Resources */ = {
			isa = PBXResourcesBuildPhase;
			buildActionMask = 2147483647;
			files = (
			);
			runOnlyForDeploymentPostprocessing = 0;
		};
/* End PBXResourcesBuildPhase section */

/* Begin PBXSourcesBuildPhase section */
		0E881E041C7D348A00CC30CF /* Sources */ = {
			isa = PBXSourcesBuildPhase;
			buildActionMask = 2147483647;
			files = (
				0E881E451C7D382200CC30CF /* Card.m in Sources */,
				0E2971E51C7FCFAC00FDD60F /* PlayingCardDeck.m in Sources */,
				0E881E131C7D348A00CC30CF /* CardGameViewController.m in Sources */,
				0EA69C741C7E12C7009D5887 /* PlayingCard.m in Sources */,
				0E881E101C7D348A00CC30CF /* CardGameAppDelegate.m in Sources */,
				0E881E0D1C7D348A00CC30CF /* main.m in Sources */,
				0E881E4A1C7D45A600CC30CF /* Deck.m in Sources */,
				0E881E191C7D348A00CC30CF /* Matchismo.xcdatamodeld in Sources */,
			);
			runOnlyForDeploymentPostprocessing = 0;
		};
		0E881E201C7D348A00CC30CF /* Sources */ = {
			isa = PBXSourcesBuildPhase;
			buildActionMask = 2147483647;
			files = (
				0E881E291C7D348A00CC30CF /* MatchismoTests.m in Sources */,
			);
			runOnlyForDeploymentPostprocessing = 0;
		};
		0E881E2B1C7D348A00CC30CF /* Sources */ = {
			isa = PBXSourcesBuildPhase;
			buildActionMask = 2147483647;
			files = (
				0E881E341C7D348A00CC30CF /* MatchismoUITests.m in Sources */,
			);
			runOnlyForDeploymentPostprocessing = 0;
		};
/* End PBXSourcesBuildPhase section */

/* Begin PBXTargetDependency section */
		0E881E261C7D348A00CC30CF /* PBXTargetDependency */ = {
			isa = PBXTargetDependency;
			target = 0E881E071C7D348A00CC30CF /* Matchismo */;
			targetProxy = 0E881E251C7D348A00CC30CF /* PBXContainerItemProxy */;
		};
		0E881E311C7D348A00CC30CF /* PBXTargetDependency */ = {
			isa = PBXTargetDependency;
			target = 0E881E071C7D348A00CC30CF /* Matchismo */;
			targetProxy = 0E881E301C7D348A00CC30CF /* PBXContainerItemProxy */;
		};
/* End PBXTargetDependency section */

/* Begin PBXVariantGroup section */
		0E881E141C7D348A00CC30CF /* Main.storyboard */ = {
			isa = PBXVariantGroup;
			children = (
				0E881E151C7D348A00CC30CF /* Base */,
			);
			name = Main.storyboard;
			sourceTree = "<group>";
		};
		0E881E1C1C7D348A00CC30CF /* LaunchScreen.storyboard */ = {
			isa = PBXVariantGroup;
			children = (
				0E881E1D1C7D348A00CC30CF /* Base */,
			);
			name = LaunchScreen.storyboard;
			sourceTree = "<group>";
		};
/* End PBXVariantGroup section */

/* Begin XCBuildConfiguration section */
		0E881E361C7D348A00CC30CF /* Debug */ = {
			isa = XCBuildConfiguration;
			buildSettings = {
				ALWAYS_SEARCH_USER_PATHS = NO;
				CLANG_CXX_LANGUAGE_STANDARD = "gnu++0x";
				CLANG_CXX_LIBRARY = "libc++";
				CLANG_ENABLE_MODULES = YES;
				CLANG_ENABLE_OBJC_ARC = YES;
				CLANG_WARN_BOOL_CONVERSION = YES;
				CLANG_WARN_CONSTANT_CONVERSION = YES;
				CLANG_WARN_DIRECT_OBJC_ISA_USAGE = YES_ERROR;
				CLANG_WARN_EMPTY_BODY = YES;
				CLANG_WARN_ENUM_CONVERSION = YES;
				CLANG_WARN_INT_CONVERSION = YES;
				CLANG_WARN_OBJC_ROOT_CLASS = YES_ERROR;
				CLANG_WARN_UNREACHABLE_CODE = YES;
				CLANG_WARN__DUPLICATE_METHOD_MATCH = YES;
				"CODE_SIGN_IDENTITY[sdk=iphoneos*]" = "iPhone Developer";
				COPY_PHASE_STRIP = NO;
				DEBUG_INFORMATION_FORMAT = dwarf;
				ENABLE_STRICT_OBJC_MSGSEND = YES;
				ENABLE_TESTABILITY = YES;
				GCC_C_LANGUAGE_STANDARD = gnu99;
				GCC_DYNAMIC_NO_PIC = NO;
				GCC_NO_COMMON_BLOCKS = YES;
				GCC_OPTIMIZATION_LEVEL = 0;
				GCC_PREPROCESSOR_DEFINITIONS = (
					"DEBUG=1",
					"$(inherited)",
				);
				GCC_WARN_64_TO_32_BIT_CONVERSION = YES;
				GCC_WARN_ABOUT_RETURN_TYPE = YES_ERROR;
				GCC_WARN_UNDECLARED_SELECTOR = YES;
				GCC_WARN_UNINITIALIZED_AUTOS = YES_AGGRESSIVE;
				GCC_WARN_UNUSED_FUNCTION = YES;
				GCC_WARN_UNUSED_VARIABLE = YES;
				IPHONEOS_DEPLOYMENT_TARGET = 9.2;
				MTL_ENABLE_DEBUG_INFO = YES;
				ONLY_ACTIVE_ARCH = YES;
				SDKROOT = iphoneos;
				TARGETED_DEVICE_FAMILY = "1,2";
			};
			name = Debug;
		};
		0E881E371C7D348A00CC30CF /* Release */ = {
			isa = XCBuildConfiguration;
			buildSettings = {
				ALWAYS_SEARCH_USER_PATHS = NO;
				CLANG_CXX_LANGUAGE_STANDARD = "gnu++0x";
				CLANG_CXX_LIBRARY = "libc++";
				CLANG_ENABLE_MODULES = YES;
				CLANG_ENABLE_OBJC_ARC = YES;
				CLANG_WARN_BOOL_CONVERSION = YES;
				CLANG_WARN_CONSTANT_CONVERSION = YES;
				CLANG_WARN_DIRECT_OBJC_ISA_USAGE = YES_ERROR;
				CLANG_WARN_EMPTY_BODY = YES;
				CLANG_WARN_ENUM_CONVERSION = YES;
				CLANG_WARN_INT_CONVERSION = YES;
				CLANG_WARN_OBJC_ROOT_CLASS = YES_ERROR;
				CLANG_WARN_UNREACHABLE_CODE = YES;
				CLANG_WARN__DUPLICATE_METHOD_MATCH = YES;
				"CODE_SIGN_IDENTITY[sdk=iphoneos*]" = "iPhone Developer";
				COPY_PHASE_STRIP = NO;
				DEBUG_INFORMATION_FORMAT = "dwarf-with-dsym";
				ENABLE_NS_ASSERTIONS = NO;
				ENABLE_STRICT_OBJC_MSGSEND = YES;
				GCC_C_LANGUAGE_STANDARD = gnu99;
				GCC_NO_COMMON_BLOCKS = YES;
				GCC_WARN_64_TO_32_BIT_CONVERSION = YES;
				GCC_WARN_ABOUT_RETURN_TYPE = YES_ERROR;
				GCC_WARN_UNDECLARED_SELECTOR = YES;
				GCC_WARN_UNINITIALIZED_AUTOS = YES_AGGRESSIVE;
				GCC_WARN_UNUSED_FUNCTION = YES;
				GCC_WARN_UNUSED_VARIABLE = YES;
				IPHONEOS_DEPLOYMENT_TARGET = 9.2;
				MTL_ENABLE_DEBUG_INFO = NO;
				SDKROOT = iphoneos;
				TARGETED_DEVICE_FAMILY = "1,2";
				VALIDATE_PRODUCT = YES;
			};
			name = Release;
		};
		0E881E391C7D348A00CC30CF /* Debug */ = {
			isa = XCBuildConfiguration;
			buildSettings = {
				ASSETCATALOG_COMPILER_APPICON_NAME = AppIcon;
				INFOPLIST_FILE = Matchismo/Info.plist;
				LD_RUNPATH_SEARCH_PATHS = "$(inherited) @executable_path/Frameworks";
				PRODUCT_BUNDLE_IDENTIFIER = br.com.rafaeltakiyama.Matchismo;
				PRODUCT_NAME = "$(TARGET_NAME)";
				TARGETED_DEVICE_FAMILY = 1;
			};
			name = Debug;
		};
		0E881E3A1C7D348A00CC30CF /* Release */ = {
			isa = XCBuildConfiguration;
			buildSettings = {
				ASSETCATALOG_COMPILER_APPICON_NAME = AppIcon;
				INFOPLIST_FILE = Matchismo/Info.plist;
				LD_RUNPATH_SEARCH_PATHS = "$(inherited) @executable_path/Frameworks";
				PRODUCT_BUNDLE_IDENTIFIER = br.com.rafaeltakiyama.Matchismo;
				PRODUCT_NAME = "$(TARGET_NAME)";
				TARGETED_DEVICE_FAMILY = 1;
			};
			name = Release;
		};
		0E881E3C1C7D348A00CC30CF /* Debug */ = {
			isa = XCBuildConfiguration;
			buildSettings = {
				BUNDLE_LOADER = "$(TEST_HOST)";
				INFOPLIST_FILE = MatchismoTests/Info.plist;
				LD_RUNPATH_SEARCH_PATHS = "$(inherited) @executable_path/Frameworks @loader_path/Frameworks";
				PRODUCT_BUNDLE_IDENTIFIER = br.com.rafaeltakiyama.MatchismoTests;
				PRODUCT_NAME = "$(TARGET_NAME)";
				TEST_HOST = "$(BUILT_PRODUCTS_DIR)/Matchismo.app/Matchismo";
			};
			name = Debug;
		};
		0E881E3D1C7D348A00CC30CF /* Release */ = {
			isa = XCBuildConfiguration;
			buildSettings = {
				BUNDLE_LOADER = "$(TEST_HOST)";
				INFOPLIST_FILE = MatchismoTests/Info.plist;
				LD_RUNPATH_SEARCH_PATHS = "$(inherited) @executable_path/Frameworks @loader_path/Frameworks";
				PRODUCT_BUNDLE_IDENTIFIER = br.com.rafaeltakiyama.MatchismoTests;
				PRODUCT_NAME = "$(TARGET_NAME)";
				TEST_HOST = "$(BUILT_PRODUCTS_DIR)/Matchismo.app/Matchismo";
			};
			name = Release;
		};
		0E881E3F1C7D348A00CC30CF /* Debug */ = {
			isa = XCBuildConfiguration;
			buildSettings = {
				INFOPLIST_FILE = MatchismoUITests/Info.plist;
				LD_RUNPATH_SEARCH_PATHS = "$(inherited) @executable_path/Frameworks @loader_path/Frameworks";
				PRODUCT_BUNDLE_IDENTIFIER = br.com.rafaeltakiyama.MatchismoUITests;
				PRODUCT_NAME = "$(TARGET_NAME)";
				TEST_TARGET_NAME = Matchismo;
				USES_XCTRUNNER = YES;
			};
			name = Debug;
		};
		0E881E401C7D348A00CC30CF /* Release */ = {
			isa = XCBuildConfiguration;
			buildSettings = {
				INFOPLIST_FILE = MatchismoUITests/Info.plist;
				LD_RUNPATH_SEARCH_PATHS = "$(inherited) @executable_path/Frameworks @loader_path/Frameworks";
				PRODUCT_BUNDLE_IDENTIFIER = br.com.rafaeltakiyama.MatchismoUITests;
				PRODUCT_NAME = "$(TARGET_NAME)";
				TEST_TARGET_NAME = Matchismo;
				USES_XCTRUNNER = YES;
			};
			name = Release;
		};
/* End XCBuildConfiguration section */

/* Begin XCConfigurationList section */
		0E881E031C7D348A00CC30CF /* Build configuration list for PBXProject "Matchismo" */ = {
			isa = XCConfigurationList;
			buildConfigurations = (
				0E881E361C7D348A00CC30CF /* Debug */,
				0E881E371C7D348A00CC30CF /* Release */,
			);
			defaultConfigurationIsVisible = 0;
			defaultConfigurationName = Release;
		};
		0E881E381C7D348A00CC30CF /* Build configuration list for PBXNativeTarget "Matchismo" */ = {
			isa = XCConfigurationList;
			buildConfigurations = (
				0E881E391C7D348A00CC30CF /* Debug */,
				0E881E3A1C7D348A00CC30CF /* Release */,
			);
			defaultConfigurationIsVisible = 0;
			defaultConfigurationName = Release;
		};
		0E881E3B1C7D348A00CC30CF /* Build configuration list for PBXNativeTarget "MatchismoTests" */ = {
			isa = XCConfigurationList;
			buildConfigurations = (
				0E881E3C1C7D348A00CC30CF /* Debug */,
				0E881E3D1C7D348A00CC30CF /* Release */,
			);
			defaultConfigurationIsVisible = 0;
			defaultConfigurationName = Release;
		};
		0E881E3E1C7D348A00CC30CF /* Build configuration list for PBXNativeTarget "MatchismoUITests" */ = {
			isa = XCConfigurationList;
			buildConfigurations = (
				0E881E3F1C7D348A00CC30CF /* Debug */,
				0E881E401C7D348A00CC30CF /* Release */,
			);
			defaultConfigurationIsVisible = 0;
			defaultConfigurationName = Release;
		};
/* End XCConfigurationList section */

/* Begin XCVersionGroup section */
		0E881E171C7D348A00CC30CF /* Matchismo.xcdatamodeld */ = {
			isa = XCVersionGroup;
			children = (
				0E881E181C7D348A00CC30CF /* Matchismo.xcdatamodel */,
			);
			currentVersion = 0E881E181C7D348A00CC30CF /* Matchismo.xcdatamodel */;
			path = Matchismo.xcdatamodeld;
			sourceTree = "<group>";
			versionGroupType = wrapper.xcdatamodel;
		};
/* End XCVersionGroup section */
	};
	rootObject = 0E881E001C7D348A00CC30CF /* Project object */;
}
